
Microsoft Visual Studio Solution File, Format Version 12.00
# Visual Studio Version 17
VisualStudioVersion = 17.1.32210.238
MinimumVisualStudioVersion = 10.0.40219.1
Project("{9A19103F-16F7-4668-BE54-9A1E7A4F7556}") = "ApiTeste", "ApiTeste\ApiTeste.csproj", "{88E52591-B2CC-4DA9-B3A2-6AD4227C92C2}"
EndProject
Global
	GlobalSection(SolutionConfigurationPlatforms) = preSolution
		Debug|Any CPU = Debug|Any CPU
		Release|Any CPU = Release|Any CPU
	EndGlobalSection
	GlobalSection(ProjectConfigurationPlatforms) = postSolution
		{88E52591-B2CC-4DA9-B3A2-6AD4227C92C2}.Debug|Any CPU.ActiveCfg = Debug|Any CPU
		{88E52591-B2CC-4DA9-B3A2-6AD4227C92C2}.Debug|Any CPU.Build.0 = Debug|Any CPU
		{88E52591-B2CC-4DA9-B3A2-6AD4227C92C2}.Release|Any CPU.ActiveCfg = Release|Any CPU
		{88E52591-B2CC-4DA9-B3A2-6AD4227C92C2}.Release|Any CPU.Build.0 = Release|Any CPU
	EndGlobalSection
	GlobalSection(SolutionProperties) = preSolution
		HideSolutionNode = FALSE
	EndGlobalSection
	GlobalSection(ExtensibilityGlobals) = postSolution
		SolutionGuid = {543B66B1-B630-4CA5-B8F6-E19A66C4BCDA}
	EndGlobalSection
EndGlobal
